
Microsoft Visual Studio Solution File, Format Version 12.00
# Visual Studio Version 17
VisualStudioVersion = 17.5.002.0
MinimumVisualStudioVersion = 10.0.40219.1
Project("{2150E333-8FDC-42A3-9474-1A3956D46DE8}") = "Labfiles", "Labfiles", "{17F709FF-CA21-4FA0-8ACB-A7D69D5CED6A}"
EndProject
Project("{2150E333-8FDC-42A3-9474-1A3956D46DE8}") = "02-azure-openai-api", "02-azure-openai-api", "{C479743E-4339-4DB4-BF75-14B49032FBCD}"
EndProject
Project("{9A19103F-16F7-4668-BE54-9A1E7A4F7556}") = "CSharp", "Labfiles\02-azure-openai-api\CSharp\CSharp.csproj", "{05F48D58-ACF2-4038-BDBB-3C185313261B}"
EndProject
Project("{2150E333-8FDC-42A3-9474-1A3956D46DE8}") = "03-prompt-engineering", "03-prompt-engineering", "{B55C7C5A-A7AA-4EB1-9D22-DAAB5D9C553E}"
EndProject
Project("{9A19103F-16F7-4668-BE54-9A1E7A4F7556}") = "CSharp", "Labfiles\03-prompt-engineering\CSharp\CSharp.csproj", "{36D34DB1-5970-4D57-B580-F2D2E949BB50}"
EndProject
Project("{2150E333-8FDC-42A3-9474-1A3956D46DE8}") = "04-code-generation", "04-code-generation", "{98D800F8-BAA4-4BF4-9D08-65950BDF7E52}"
EndProject
Project("{9A19103F-16F7-4668-BE54-9A1E7A4F7556}") = "CSharp", "Labfiles\04-code-generation\CSharp\CSharp.csproj", "{07B9E360-3393-4213-B4FD-BC2ECC439E4B}"
EndProject
Project("{2150E333-8FDC-42A3-9474-1A3956D46DE8}") = "05-image-generation", "05-image-generation", "{AC789F38-5C84-4705-89ED-3AB637F09889}"
EndProject
Project("{9A19103F-16F7-4668-BE54-9A1E7A4F7556}") = "generate_image", "Labfiles\05-image-generation\CSharp\generate_image.csproj", "{9721A5A4-345E-40B9-ABC5-985F5EE70D3B}"
EndProject
Project("{2150E333-8FDC-42A3-9474-1A3956D46DE8}") = "06-use-own-data", "06-use-own-data", "{BB695E6F-E2BB-443B-9604-51159F28D6A9}"
EndProject
Project("{9A19103F-16F7-4668-BE54-9A1E7A4F7556}") = "CSharp", "Labfiles\06-use-own-data\CSharp\CSharp.csproj", "{D8CA34F5-E3FE-4E60-B9CB-F4BCDFF0B136}"
EndProject
Project("{2150E333-8FDC-42A3-9474-1A3956D46DE8}") = "sample-code", "sample-code", "{857D5C68-0F15-40CF-AEC4-B03925185AF9}"
EndProject
Project("{9A19103F-16F7-4668-BE54-9A1E7A4F7556}") = "CSharp", "Labfiles\04-code-generation\sample-code\go-fish\CSharp.csproj", "{86F995F0-16A9-4184-9D3C-8AD437DE7832}"
EndProject
Global
	GlobalSection(SolutionConfigurationPlatforms) = preSolution
		Debug|Any CPU = Debug|Any CPU
		Release|Any CPU = Release|Any CPU
	EndGlobalSection
	GlobalSection(ProjectConfigurationPlatforms) = postSolution
		{05F48D58-ACF2-4038-BDBB-3C185313261B}.Debug|Any CPU.ActiveCfg = Debug|Any CPU
		{05F48D58-ACF2-4038-BDBB-3C185313261B}.Debug|Any CPU.Build.0 = Debug|Any CPU
		{05F48D58-ACF2-4038-BDBB-3C185313261B}.Release|Any CPU.ActiveCfg = Release|Any CPU
		{05F48D58-ACF2-4038-BDBB-3C185313261B}.Release|Any CPU.Build.0 = Release|Any CPU
		{36D34DB1-5970-4D57-B580-F2D2E949BB50}.Debug|Any CPU.ActiveCfg = Debug|Any CPU
		{36D34DB1-5970-4D57-B580-F2D2E949BB50}.Debug|Any CPU.Build.0 = Debug|Any CPU
		{36D34DB1-5970-4D57-B580-F2D2E949BB50}.Release|Any CPU.ActiveCfg = Release|Any CPU
		{36D34DB1-5970-4D57-B580-F2D2E949BB50}.Release|Any CPU.Build.0 = Release|Any CPU
		{07B9E360-3393-4213-B4FD-BC2ECC439E4B}.Debug|Any CPU.ActiveCfg = Debug|Any CPU
		{07B9E360-3393-4213-B4FD-BC2ECC439E4B}.Debug|Any CPU.Build.0 = Debug|Any CPU
		{07B9E360-3393-4213-B4FD-BC2ECC439E4B}.Release|Any CPU.ActiveCfg = Release|Any CPU
		{07B9E360-3393-4213-B4FD-BC2ECC439E4B}.Release|Any CPU.Build.0 = Release|Any CPU
		{9721A5A4-345E-40B9-ABC5-985F5EE70D3B}.Debug|Any CPU.ActiveCfg = Debug|Any CPU
		{9721A5A4-345E-40B9-ABC5-985F5EE70D3B}.Debug|Any CPU.Build.0 = Debug|Any CPU
		{9721A5A4-345E-40B9-ABC5-985F5EE70D3B}.Release|Any CPU.ActiveCfg = Release|Any CPU
		{9721A5A4-345E-40B9-ABC5-985F5EE70D3B}.Release|Any CPU.Build.0 = Release|Any CPU
		{D8CA34F5-E3FE-4E60-B9CB-F4BCDFF0B136}.Debug|Any CPU.ActiveCfg = Debug|Any CPU
		{D8CA34F5-E3FE-4E60-B9CB-F4BCDFF0B136}.Debug|Any CPU.Build.0 = Debug|Any CPU
		{D8CA34F5-E3FE-4E60-B9CB-F4BCDFF0B136}.Release|Any CPU.ActiveCfg = Release|Any CPU
		{D8CA34F5-E3FE-4E60-B9CB-F4BCDFF0B136}.Release|Any CPU.Build.0 = Release|Any CPU
		{86F995F0-16A9-4184-9D3C-8AD437DE7832}.Debug|Any CPU.ActiveCfg = Debug|Any CPU
		{86F995F0-16A9-4184-9D3C-8AD437DE7832}.Debug|Any CPU.Build.0 = Debug|Any CPU
		{86F995F0-16A9-4184-9D3C-8AD437DE7832}.Release|Any CPU.ActiveCfg = Release|Any CPU
		{86F995F0-16A9-4184-9D3C-8AD437DE7832}.Release|Any CPU.Build.0 = Release|Any CPU
	EndGlobalSection
	GlobalSection(SolutionProperties) = preSolution
		HideSolutionNode = FALSE
	EndGlobalSection
	GlobalSection(NestedProjects) = preSolution
		{C479743E-4339-4DB4-BF75-14B49032FBCD} = {17F709FF-CA21-4FA0-8ACB-A7D69D5CED6A}
		{05F48D58-ACF2-4038-BDBB-3C185313261B} = {C479743E-4339-4DB4-BF75-14B49032FBCD}
		{B55C7C5A-A7AA-4EB1-9D22-DAAB5D9C553E} = {17F709FF-CA21-4FA0-8ACB-A7D69D5CED6A}
		{36D34DB1-5970-4D57-B580-F2D2E949BB50} = {B55C7C5A-A7AA-4EB1-9D22-DAAB5D9C553E}
		{98D800F8-BAA4-4BF4-9D08-65950BDF7E52} = {17F709FF-CA21-4FA0-8ACB-A7D69D5CED6A}
		{07B9E360-3393-4213-B4FD-BC2ECC439E4B} = {98D800F8-BAA4-4BF4-9D08-65950BDF7E52}
		{AC789F38-5C84-4705-89ED-3AB637F09889} = {17F709FF-CA21-4FA0-8ACB-A7D69D5CED6A}
		{9721A5A4-345E-40B9-ABC5-985F5EE70D3B} = {AC789F38-5C84-4705-89ED-3AB637F09889}
		{BB695E6F-E2BB-443B-9604-51159F28D6A9} = {17F709FF-CA21-4FA0-8ACB-A7D69D5CED6A}
		{D8CA34F5-E3FE-4E60-B9CB-F4BCDFF0B136} = {BB695E6F-E2BB-443B-9604-51159F28D6A9}
		{857D5C68-0F15-40CF-AEC4-B03925185AF9} = {98D800F8-BAA4-4BF4-9D08-65950BDF7E52}
		{86F995F0-16A9-4184-9D3C-8AD437DE7832} = {857D5C68-0F15-40CF-AEC4-B03925185AF9}
	EndGlobalSection
	GlobalSection(ExtensibilityGlobals) = postSolution
		SolutionGuid = {0FBA1071-AA0D-46A9-9621-D4FB763C564D}
	EndGlobalSection
EndGlobal
